
Microsoft Visual Studio Solution File, Format Version 12.00
# Visual Studio Version 16
VisualStudioVersion = 16.0.29519.87
MinimumVisualStudioVersion = 10.0.40219.1
Project("{FAE04EC0-301F-11D3-BF4B-00C04F79EFBC}") = "WebAdvert.Web", "WebAdvert.Web.csproj", "{E032F634-8AC7-4DAA-97E7-DBAD5777E9B5}"
EndProject
Global
	GlobalSection(SolutionConfigurationPlatforms) = preSolution
		Debug|Any CPU = Debug|Any CPU
		Release|Any CPU = Release|Any CPU
	EndGlobalSection
	GlobalSection(ProjectConfigurationPlatforms) = postSolution
		{E032F634-8AC7-4DAA-97E7-DBAD5777E9B5}.Debug|Any CPU.ActiveCfg = Debug|Any CPU
		{E032F634-8AC7-4DAA-97E7-DBAD5777E9B5}.Debug|Any CPU.Build.0 = Debug|Any CPU
		{E032F634-8AC7-4DAA-97E7-DBAD5777E9B5}.Release|Any CPU.ActiveCfg = Release|Any CPU
		{E032F634-8AC7-4DAA-97E7-DBAD5777E9B5}.Release|Any CPU.Build.0 = Release|Any CPU
	EndGlobalSection
	GlobalSection(SolutionProperties) = preSolution
		HideSolutionNode = FALSE
	EndGlobalSection
	GlobalSection(ExtensibilityGlobals) = postSolution
		SolutionGuid = {645C2BC4-5407-40B7-B601-BF4DF548D8A7}
	EndGlobalSection
EndGlobal
